// !$*UTF8*$!
{
	archiveVersion = 1;
	classes = {
	};
	objectVersion = 77;
	objects = {

/* Begin PBXContainerItemProxy section */
		64E5D78E2E224A9C0036AE8E /* PBXContainerItemProxy */ = {
			isa = PBXContainerItemProxy;
			containerPortal = 64E5D7732E224A9A0036AE8E /* Project object */;
			proxyType = 1;
			remoteGlobalIDString = 64E5D77A2E224A9A0036AE8E;
			remoteInfo = PdfEditor;
		};
		64E5D7982E224A9C0036AE8E /* PBXContainerItemProxy */ = {
			isa = PBXContainerItemProxy;
			containerPortal = 64E5D7732E224A9A0036AE8E /* Project object */;
			proxyType = 1;
			remoteGlobalIDString = 64E5D77A2E224A9A0036AE8E;
			remoteInfo = PdfEditor;
		};
/* End PBXContainerItemProxy section */

/* Begin PBXFileReference section */
		64E5D77B2E224A9A0036AE8E /* PdfEditor.app */ = {isa = PBXFileReference; explicitFileType = wrapper.application; includeInIndex = 0; path = PdfEditor.app; sourceTree = BUILT_PRODUCTS_DIR; };
		64E5D78D2E224A9C0036AE8E /* PdfEditorTests.xctest */ = {isa = PBXFileReference; explicitFileType = wrapper.cfbundle; includeInIndex = 0; path = PdfEditorTests.xctest; sourceTree = BUILT_PRODUCTS_DIR; };
		64E5D7972E224A9C0036AE8E /* PdfEditorUITests.xctest */ = {isa = PBXFileReference; explicitFileType = wrapper.cfbundle; includeInIndex = 0; path = PdfEditorUITests.xctest; sourceTree = BUILT_PRODUCTS_DIR; };
/* End PBXFileReference section */

/* Begin PBXFileSystemSynchronizedRootGroup section */
		64E5D77D2E224A9A0036AE8E /* PdfEditor */ = {
			isa = PBXFileSystemSynchronizedRootGroup;
			path = PdfEditor;
			sourceTree = "<group>";
		};
		64E5D7902E224A9C0036AE8E /* PdfEditorTests */ = {
			isa = PBXFileSystemSynchronizedRootGroup;
			path = PdfEditorTests;
			sourceTree = "<group>";
		};
		64E5D79A2E224A9C0036AE8E /* PdfEditorUITests */ = {
			isa = PBXFileSystemSynchronizedRootGroup;
			path = PdfEditorUITests;
			sourceTree = "<group>";
		};
/* End PBXFileSystemSynchronizedRootGroup section */

/* Begin PBXFrameworksBuildPhase section */
		64E5D7782E224A9A0036AE8E /* Frameworks */ = {
			isa = PBXFrameworksBuildPhase;
			buildActionMask = 2147483647;
			files = (
			);
			runOnlyForDeploymentPostprocessing = 0;
		};
		64E5D78A2E224A9C0036AE8E /* Frameworks */ = {
			isa = PBXFrameworksBuildPhase;
			buildActionMask = 2147483647;
			files = (
			);
			runOnlyForDeploymentPostprocessing = 0;
		};
		64E5D7942E224A9C0036AE8E /* Frameworks */ = {
			isa = PBXFrameworksBuildPhase;
			buildActionMask = 2147483647;
			files = (
			);
			runOnlyForDeploymentPostprocessing = 0;
		};
/* End PBXFrameworksBuildPhase section */

/* Begin PBXGroup section */
		64E5D7722E224A9A0036AE8E = {
			isa = PBXGroup;
			children = (
				64E5D77D2E224A9A0036AE8E /* PdfEditor */,
				64E5D7902E224A9C0036AE8E /* PdfEditorTests */,
				64E5D79A2E224A9C0036AE8E /* PdfEditorUITests */,
				64E5D77C2E224A9A0036AE8E /* Products */,
			);
			sourceTree = "<group>";
		};
		64E5D77C2E224A9A0036AE8E /* Products */ = {
			isa = PBXGroup;
			children = (
				64E5D77B2E224A9A0036AE8E /* PdfEditor.app */,
				64E5D78D2E224A9C0036AE8E /* PdfEditorTests.xctest */,
				64E5D7972E224A9C0036AE8E /* PdfEditorUITests.xctest */,
			);
			name = Products;
			sourceTree = "<group>";
		};
/* End PBXGroup section */

/* Begin PBXNativeTarget section */
		64E5D77A2E224A9A0036AE8E /* PdfEditor */ = {
			isa = PBXNativeTarget;
			buildConfigurationList = 64E5D7A12E224A9C0036AE8E /* Build configuration list for PBXNativeTarget "PdfEditor" */;
			buildPhases = (
				64E5D7772E224A9A0036AE8E /* Sources */,
				64E5D7782E224A9A0036AE8E /* Frameworks */,
				64E5D7792E224A9A0036AE8E /* Resources */,
			);
			buildRules = (
			);
			dependencies = (
			);
			fileSystemSynchronizedGroups = (
				64E5D77D2E224A9A0036AE8E /* PdfEditor */,
			);
			name = PdfEditor;
			packageProductDependencies = (
			);
			productName = PdfEditor;
			productReference = 64E5D77B2E224A9A0036AE8E /* PdfEditor.app */;
			productType = "com.apple.product-type.application";
		};
		64E5D78C2E224A9C0036AE8E /* PdfEditorTests */ = {
			isa = PBXNativeTarget;
			buildConfigurationList = 64E5D7A42E224A9C0036AE8E /* Build configuration list for PBXNativeTarget "PdfEditorTests" */;
			buildPhases = (
				64E5D7892E224A9C0036AE8E /* Sources */,
				64E5D78A2E224A9C0036AE8E /* Frameworks */,
				64E5D78B2E224A9C0036AE8E /* Resources */,
			);
			buildRules = (
			);
			dependencies = (
				64E5D78F2E224A9C0036AE8E /* PBXTargetDependency */,
			);
			fileSystemSynchronizedGroups = (
				64E5D7902E224A9C0036AE8E /* PdfEditorTests */,
			);
			name = PdfEditorTests;
			packageProductDependencies = (
			);
			productName = PdfEditorTests;
			productReference = 64E5D78D2E224A9C0036AE8E /* PdfEditorTests.xctest */;
			productType = "com.apple.product-type.bundle.unit-test";
		};
		64E5D7962E224A9C0036AE8E /* PdfEditorUITests */ = {
			isa = PBXNativeTarget;
			buildConfigurationList = 64E5D7A72E224A9C0036AE8E /* Build configuration list for PBXNativeTarget "PdfEditorUITests" */;
			buildPhases = (
				64E5D7932E224A9C0036AE8E /* Sources */,
				64E5D7942E224A9C0036AE8E /* Frameworks */,
				64E5D7952E224A9C0036AE8E /* Resources */,
			);
			buildRules = (
			);
			dependencies = (
				64E5D7992E224A9C0036AE8E /* PBXTargetDependency */,
			);
			fileSystemSynchronizedGroups = (
				64E5D79A2E224A9C0036AE8E /* PdfEditorUITests */,
			);
			name = PdfEditorUITests;
			packageProductDependencies = (
			);
			productName = PdfEditorUITests;
			productReference = 64E5D7972E224A9C0036AE8E /* PdfEditorUITests.xctest */;
			productType = "com.apple.product-type.bundle.ui-testing";
		};
/* End PBXNativeTarget section */

/* Begin PBXProject section */
		64E5D7732E224A9A0036AE8E /* Project object */ = {
			isa = PBXProject;
			attributes = {
				BuildIndependentTargetsInParallel = 1;
				LastSwiftUpdateCheck = 1640;
				LastUpgradeCheck = 1640;
				TargetAttributes = {
					64E5D77A2E224A9A0036AE8E = {
						CreatedOnToolsVersion = 16.4;
					};
					64E5D78C2E224A9C0036AE8E = {
						CreatedOnToolsVersion = 16.4;
						TestTargetID = 64E5D77A2E224A9A0036AE8E;
					};
					64E5D7962E224A9C0036AE8E = {
						CreatedOnToolsVersion = 16.4;
						TestTargetID = 64E5D77A2E224A9A0036AE8E;
					};
				};
			};
			buildConfigurationList = 64E5D7762E224A9A0036AE8E /* Build configuration list for PBXProject "PdfEditor" */;
			developmentRegion = en;
			hasScannedForEncodings = 0;
			knownRegions = (
				en,
				Base,
			);
			mainGroup = 64E5D7722E224A9A0036AE8E;
			minimizedProjectReferenceProxies = 1;
			preferredProjectObjectVersion = 77;
			productRefGroup = 64E5D77C2E224A9A0036AE8E /* Products */;
			projectDirPath = "";
			projectRoot = "";
			targets = (
				64E5D77A2E224A9A0036AE8E /* PdfEditor */,
				64E5D78C2E224A9C0036AE8E /* PdfEditorTests */,
				64E5D7962E224A9C0036AE8E /* PdfEditorUITests */,
			);
		};
/* End PBXProject section */

/* Begin PBXResourcesBuildPhase section */
		64E5D7792E224A9A0036AE8E /* Resources */ = {
			isa = PBXResourcesBuildPhase;
			buildActionMask = 2147483647;
			files = (
			);
			runOnlyForDeploymentPostprocessing = 0;
		};
		64E5D78B2E224A9C0036AE8E /* Resources */ = {
			isa = PBXResourcesBuildPhase;
			buildActionMask = 2147483647;
			files = (
			);
			runOnlyForDeploymentPostprocessing = 0;
		};
		64E5D7952E224A9C0036AE8E /* Resources */ = {
			isa = PBXResourcesBuildPhase;
			buildActionMask = 2147483647;
			files = (
			);
			runOnlyForDeploymentPostprocessing = 0;
		};
/* End PBXResourcesBuildPhase section */

/* Begin PBXSourcesBuildPhase section */
		64E5D7772E224A9A0036AE8E /* Sources */ = {
			isa = PBXSourcesBuildPhase;
			buildActionMask = 2147483647;
			files = (
			);
			runOnlyForDeploymentPostprocessing = 0;
		};
		64E5D7892E224A9C0036AE8E /* Sources */ = {
			isa = PBXSourcesBuildPhase;
			buildActionMask = 2147483647;
			files = (
			);
			runOnlyForDeploymentPostprocessing = 0;
		};
		64E5D7932E224A9C0036AE8E /* Sources */ = {
			isa = PBXSourcesBuildPhase;
			buildActionMask = 2147483647;
			files = (
			);
			runOnlyForDeploymentPostprocessing = 0;
		};
/* End PBXSourcesBuildPhase section */

/* Begin PBXTargetDependency section */
		64E5D78F2E224A9C0036AE8E /* PBXTargetDependency */ = {
			isa = PBXTargetDependency;
			target = 64E5D77A2E224A9A0036AE8E /* PdfEditor */;
			targetProxy = 64E5D78E2E224A9C0036AE8E /* PBXContainerItemProxy */;
		};
		64E5D7992E224A9C0036AE8E /* PBXTargetDependency */ = {
			isa = PBXTargetDependency;
			target = 64E5D77A2E224A9A0036AE8E /* PdfEditor */;
			targetProxy = 64E5D7982E224A9C0036AE8E /* PBXContainerItemProxy */;
		};
/* End PBXTargetDependency section */

/* Begin XCBuildConfiguration section */
		64E5D79F2E224A9C0036AE8E /* Debug */ = {
			isa = XCBuildConfiguration;
			buildSettings = {
				ALWAYS_SEARCH_USER_PATHS = NO;
				ASSETCATALOG_COMPILER_GENERATE_SWIFT_ASSET_SYMBOL_EXTENSIONS = YES;
				CLANG_ANALYZER_NONNULL = YES;
				CLANG_ANALYZER_NUMBER_OBJECT_CONVERSION = YES_AGGRESSIVE;
				CLANG_CXX_LANGUAGE_STANDARD = "gnu++20";
				CLANG_ENABLE_MODULES = YES;
				CLANG_ENABLE_OBJC_ARC = YES;
				CLANG_ENABLE_OBJC_WEAK = YES;
				CLANG_WARN_BLOCK_CAPTURE_AUTORELEASING = YES;
				CLANG_WARN_BOOL_CONVERSION = YES;
				CLANG_WARN_COMMA = YES;
				CLANG_WARN_CONSTANT_CONVERSION = YES;
				CLANG_WARN_DEPRECATED_OBJC_IMPLEMENTATIONS = YES;
				CLANG_WARN_DIRECT_OBJC_ISA_USAGE = YES_ERROR;
				CLANG_WARN_DOCUMENTATION_COMMENTS = YES;
				CLANG_WARN_EMPTY_BODY = YES;
				CLANG_WARN_ENUM_CONVERSION = YES;
				CLANG_WARN_INFINITE_RECURSION = YES;
				CLANG_WARN_INT_CONVERSION = YES;
				CLANG_WARN_NON_LITERAL_NULL_CONVERSION = YES;
				CLANG_WARN_OBJC_IMPLICIT_RETAIN_SELF = YES;
				CLANG_WARN_OBJC_LITERAL_CONVERSION = YES;
				CLANG_WARN_OBJC_ROOT_CLASS = YES_ERROR;
				CLANG_WARN_QUOTED_INCLUDE_IN_FRAMEWORK_HEADER = YES;
				CLANG_WARN_RANGE_LOOP_ANALYSIS = YES;
				CLANG_WARN_STRICT_PROTOTYPES = YES;
				CLANG_WARN_SUSPICIOUS_MOVE = YES;
				CLANG_WARN_UNGUARDED_AVAILABILITY = YES_AGGRESSIVE;
				CLANG_WARN_UNREACHABLE_CODE = YES;
				CLANG_WARN__DUPLICATE_METHOD_MATCH = YES;
				COPY_PHASE_STRIP = NO;
				DEBUG_INFORMATION_FORMAT = dwarf;
				DEVELOPMENT_TEAM = V8ALJCTXD3;
				ENABLE_STRICT_OBJC_MSGSEND = YES;
				ENABLE_TESTABILITY = YES;
				ENABLE_USER_SCRIPT_SANDBOXING = YES;
				GCC_C_LANGUAGE_STANDARD = gnu17;
				GCC_DYNAMIC_NO_PIC = NO;
				GCC_NO_COMMON_BLOCKS = YES;
				GCC_OPTIMIZATION_LEVEL = 0;
				GCC_PREPROCESSOR_DEFINITIONS = (
					"DEBUG=1",
					"$(inherited)",
				);
				GCC_WARN_64_TO_32_BIT_CONVERSION = YES;
				GCC_WARN_ABOUT_RETURN_TYPE = YES_ERROR;
				GCC_WARN_UNDECLARED_SELECTOR = YES;
				GCC_WARN_UNINITIALIZED_AUTOS = YES_AGGRESSIVE;
				GCC_WARN_UNUSED_FUNCTION = YES;
				GCC_WARN_UNUSED_VARIABLE = YES;
				IPHONEOS_DEPLOYMENT_TARGET = 18.5;
				LOCALIZATION_PREFERS_STRING_CATALOGS = YES;
				MTL_ENABLE_DEBUG_INFO = INCLUDE_SOURCE;
				MTL_FAST_MATH = YES;
				ONLY_ACTIVE_ARCH = YES;
				SDKROOT = iphoneos;
				SWIFT_ACTIVE_COMPILATION_CONDITIONS = "DEBUG $(inherited)";
				SWIFT_OPTIMIZATION_LEVEL = "-Onone";
			};
			name = Debug;
		};
		64E5D7A02E224A9C0036AE8E /* Release */ = {
			isa = XCBuildConfiguration;
			buildSettings = {
				ALWAYS_SEARCH_USER_PATHS = NO;
				ASSETCATALOG_COMPILER_GENERATE_SWIFT_ASSET_SYMBOL_EXTENSIONS = YES;
				CLANG_ANALYZER_NONNULL = YES;
				CLANG_ANALYZER_NUMBER_OBJECT_CONVERSION = YES_AGGRESSIVE;
				CLANG_CXX_LANGUAGE_STANDARD = "gnu++20";
				CLANG_ENABLE_MODULES = YES;
				CLANG_ENABLE_OBJC_ARC = YES;
				CLANG_ENABLE_OBJC_WEAK = YES;
				CLANG_WARN_BLOCK_CAPTURE_AUTORELEASING = YES;
				CLANG_WARN_BOOL_CONVERSION = YES;
				CLANG_WARN_COMMA = YES;
				CLANG_WARN_CONSTANT_CONVERSION = YES;
				CLANG_WARN_DEPRECATED_OBJC_IMPLEMENTATIONS = YES;
				CLANG_WARN_DIRECT_OBJC_ISA_USAGE = YES_ERROR;
				CLANG_WARN_DOCUMENTATION_COMMENTS = YES;
				CLANG_WARN_EMPTY_BODY = YES;
				CLANG_WARN_ENUM_CONVERSION = YES;
				CLANG_WARN_INFINITE_RECURSION = YES;
				CLANG_WARN_INT_CONVERSION = YES;
				CLANG_WARN_NON_LITERAL_NULL_CONVERSION = YES;
				CLANG_WARN_OBJC_IMPLICIT_RETAIN_SELF = YES;
				CLANG_WARN_OBJC_LITERAL_CONVERSION = YES;
				CLANG_WARN_OBJC_ROOT_CLASS = YES_ERROR;
				CLANG_WARN_QUOTED_INCLUDE_IN_FRAMEWORK_HEADER = YES;
				CLANG_WARN_RANGE_LOOP_ANALYSIS = YES;
				CLANG_WARN_STRICT_PROTOTYPES = YES;
				CLANG_WARN_SUSPICIOUS_MOVE = YES;
				CLANG_WARN_UNGUARDED_AVAILABILITY = YES_AGGRESSIVE;
				CLANG_WARN_UNREACHABLE_CODE = YES;
				CLANG_WARN__DUPLICATE_METHOD_MATCH = YES;
				COPY_PHASE_STRIP = NO;
				DEBUG_INFORMATION_FORMAT = "dwarf-with-dsym";
				DEVELOPMENT_TEAM = V8ALJCTXD3;
				ENABLE_NS_ASSERTIONS = NO;
				ENABLE_STRICT_OBJC_MSGSEND = YES;
				ENABLE_USER_SCRIPT_SANDBOXING = YES;
				GCC_C_LANGUAGE_STANDARD = gnu17;
				GCC_NO_COMMON_BLOCKS = YES;
				GCC_WARN_64_TO_32_BIT_CONVERSION = YES;
				GCC_WARN_ABOUT_RETURN_TYPE = YES_ERROR;
				GCC_WARN_UNDECLARED_SELECTOR = YES;
				GCC_WARN_UNINITIALIZED_AUTOS = YES_AGGRESSIVE;
				GCC_WARN_UNUSED_FUNCTION = YES;
				GCC_WARN_UNUSED_VARIABLE = YES;
				IPHONEOS_DEPLOYMENT_TARGET = 18.5;
				LOCALIZATION_PREFERS_STRING_CATALOGS = YES;
				MTL_ENABLE_DEBUG_INFO = NO;
				MTL_FAST_MATH = YES;
				SDKROOT = iphoneos;
				SWIFT_COMPILATION_MODE = wholemodule;
				VALIDATE_PRODUCT = YES;
			};
			name = Release;
		};
		64E5D7A22E224A9C0036AE8E /* Debug */ = {
			isa = XCBuildConfiguration;
			buildSettings = {
				ASSETCATALOG_COMPILER_APPICON_NAME = AppIcon;
				ASSETCATALOG_COMPILER_GLOBAL_ACCENT_COLOR_NAME = AccentColor;
				CODE_SIGN_STYLE = Automatic;
				CURRENT_PROJECT_VERSION = 1;
				DEVELOPMENT_TEAM = V8ALJCTXD3;
				ENABLE_PREVIEWS = YES;
				GENERATE_INFOPLIST_FILE = YES;
				INFOPLIST_KEY_NSCameraUsageDescription = "Приложению нужен доступ к камере для сканирования документов";
				INFOPLIST_KEY_UIApplicationSceneManifest_Generation = YES;
				INFOPLIST_KEY_UIApplicationSupportsIndirectInputEvents = YES;
				INFOPLIST_KEY_UILaunchScreen_Generation = YES;
				INFOPLIST_KEY_UISupportedInterfaceOrientations_iPad = "UIInterfaceOrientationPortrait UIInterfaceOrientationPortrait UIInterfaceOrientationPortraitUpsideDown UIInterfaceOrientationLandscapeLeft UIInterfaceOrientationLandscapeRight";
				INFOPLIST_KEY_UISupportedInterfaceOrientations_iPhone = "UIInterfaceOrientationPortrait UIInterfaceOrientationLandscapeLeft UIInterfaceOrientationLandscapeRight";
				LD_RUNPATH_SEARCH_PATHS = (
					"$(inherited)",
					"@executable_path/Frameworks",
				);
				MARKETING_VERSION = 1.0;
				PRODUCT_BUNDLE_IDENTIFIER = QvdTeam.PdfEditor;
				PRODUCT_NAME = "$(TARGET_NAME)";
				SWIFT_EMIT_LOC_STRINGS = YES;
				SWIFT_VERSION = 5.0;
				TARGETED_DEVICE_FAMILY = "1,2";
			};
			name = Debug;
		};
		64E5D7A32E224A9C0036AE8E /* Release */ = {
			isa = XCBuildConfiguration;
			buildSettings = {
				ASSETCATALOG_COMPILER_APPICON_NAME = AppIcon;
				ASSETCATALOG_COMPILER_GLOBAL_ACCENT_COLOR_NAME = AccentColor;
				CODE_SIGN_STYLE = Automatic;
				CURRENT_PROJECT_VERSION = 1;
				DEVELOPMENT_TEAM = V8ALJCTXD3;
				ENABLE_PREVIEWS = YES;
				GENERATE_INFOPLIST_FILE = YES;
				INFOPLIST_KEY_NSCameraUsageDescription = "Приложению нужен доступ к камере для сканирования документов";
				INFOPLIST_KEY_UIApplicationSceneManifest_Generation = YES;
				INFOPLIST_KEY_UIApplicationSupportsIndirectInputEvents = YES;
				INFOPLIST_KEY_UILaunchScreen_Generation = YES;
				INFOPLIST_KEY_UISupportedInterfaceOrientations_iPad = "UIInterfaceOrientationPortrait UIInterfaceOrientationPortrait UIInterfaceOrientationPortraitUpsideDown UIInterfaceOrientationLandscapeLeft UIInterfaceOrientationLandscapeRight";
				INFOPLIST_KEY_UISupportedInterfaceOrientations_iPhone = "UIInterfaceOrientationPortrait UIInterfaceOrientationLandscapeLeft UIInterfaceOrientationLandscapeRight";
				LD_RUNPATH_SEARCH_PATHS = (
					"$(inherited)",
					"@executable_path/Frameworks",
				);
				MARKETING_VERSION = 1.0;
				PRODUCT_BUNDLE_IDENTIFIER = QvdTeam.PdfEditor;
				PRODUCT_NAME = "$(TARGET_NAME)";
				SWIFT_EMIT_LOC_STRINGS = YES;
				SWIFT_VERSION = 5.0;
				TARGETED_DEVICE_FAMILY = "1,2";
			};
			name = Release;
		};
		64E5D7A52E224A9C0036AE8E /* Debug */ = {
			isa = XCBuildConfiguration;
			buildSettings = {
				BUNDLE_LOADER = "$(TEST_HOST)";
				CODE_SIGN_STYLE = Automatic;
				CURRENT_PROJECT_VERSION = 1;
				DEVELOPMENT_TEAM = V8ALJCTXD3;
				GENERATE_INFOPLIST_FILE = YES;
				IPHONEOS_DEPLOYMENT_TARGET = 18.5;
				MARKETING_VERSION = 1.0;
				PRODUCT_BUNDLE_IDENTIFIER = QvdTeam.PdfEditorTests;
				PRODUCT_NAME = "$(TARGET_NAME)";
				SWIFT_EMIT_LOC_STRINGS = NO;
				SWIFT_VERSION = 5.0;
				TARGETED_DEVICE_FAMILY = "1,2";
				TEST_HOST = "$(BUILT_PRODUCTS_DIR)/PdfEditor.app/$(BUNDLE_EXECUTABLE_FOLDER_PATH)/PdfEditor";
			};
			name = Debug;
		};
		64E5D7A62E224A9C0036AE8E /* Release */ = {
			isa = XCBuildConfiguration;
			buildSettings = {
				BUNDLE_LOADER = "$(TEST_HOST)";
				CODE_SIGN_STYLE = Automatic;
				CURRENT_PROJECT_VERSION = 1;
				DEVELOPMENT_TEAM = V8ALJCTXD3;
				GENERATE_INFOPLIST_FILE = YES;
				IPHONEOS_DEPLOYMENT_TARGET = 18.5;
				MARKETING_VERSION = 1.0;
				PRODUCT_BUNDLE_IDENTIFIER = QvdTeam.PdfEditorTests;
				PRODUCT_NAME = "$(TARGET_NAME)";
				SWIFT_EMIT_LOC_STRINGS = NO;
				SWIFT_VERSION = 5.0;
				TARGETED_DEVICE_FAMILY = "1,2";
				TEST_HOST = "$(BUILT_PRODUCTS_DIR)/PdfEditor.app/$(BUNDLE_EXECUTABLE_FOLDER_PATH)/PdfEditor";
			};
			name = Release;
		};
		64E5D7A82E224A9C0036AE8E /* Debug */ = {
			isa = XCBuildConfiguration;
			buildSettings = {
				CODE_SIGN_STYLE = Automatic;
				CURRENT_PROJECT_VERSION = 1;
				DEVELOPMENT_TEAM = V8ALJCTXD3;
				GENERATE_INFOPLIST_FILE = YES;
				MARKETING_VERSION = 1.0;
				PRODUCT_BUNDLE_IDENTIFIER = QvdTeam.PdfEditorUITests;
				PRODUCT_NAME = "$(TARGET_NAME)";
				SWIFT_EMIT_LOC_STRINGS = NO;
				SWIFT_VERSION = 5.0;
				TARGETED_DEVICE_FAMILY = "1,2";
				TEST_TARGET_NAME = PdfEditor;
			};
			name = Debug;
		};
		64E5D7A92E224A9C0036AE8E /* Release */ = {
			isa = XCBuildConfiguration;
			buildSettings = {
				CODE_SIGN_STYLE = Automatic;
				CURRENT_PROJECT_VERSION = 1;
				DEVELOPMENT_TEAM = V8ALJCTXD3;
				GENERATE_INFOPLIST_FILE = YES;
				MARKETING_VERSION = 1.0;
				PRODUCT_BUNDLE_IDENTIFIER = QvdTeam.PdfEditorUITests;
				PRODUCT_NAME = "$(TARGET_NAME)";
				SWIFT_EMIT_LOC_STRINGS = NO;
				SWIFT_VERSION = 5.0;
				TARGETED_DEVICE_FAMILY = "1,2";
				TEST_TARGET_NAME = PdfEditor;
			};
			name = Release;
		};
/* End XCBuildConfiguration section */

/* Begin XCConfigurationList section */
		64E5D7762E224A9A0036AE8E /* Build configuration list for PBXProject "PdfEditor" */ = {
			isa = XCConfigurationList;
			buildConfigurations = (
				64E5D79F2E224A9C0036AE8E /* Debug */,
				64E5D7A02E224A9C0036AE8E /* Release */,
			);
			defaultConfigurationIsVisible = 0;
			defaultConfigurationName = Release;
		};
		64E5D7A12E224A9C0036AE8E /* Build configuration list for PBXNativeTarget "PdfEditor" */ = {
			isa = XCConfigurationList;
			buildConfigurations = (
				64E5D7A22E224A9C0036AE8E /* Debug */,
				64E5D7A32E224A9C0036AE8E /* Release */,
			);
			defaultConfigurationIsVisible = 0;
			defaultConfigurationName = Release;
		};
		64E5D7A42E224A9C0036AE8E /* Build configuration list for PBXNativeTarget "PdfEditorTests" */ = {
			isa = XCConfigurationList;
			buildConfigurations = (
				64E5D7A52E224A9C0036AE8E /* Debug */,
				64E5D7A62E224A9C0036AE8E /* Release */,
			);
			defaultConfigurationIsVisible = 0;
			defaultConfigurationName = Release;
		};
		64E5D7A72E224A9C0036AE8E /* Build configuration list for PBXNativeTarget "PdfEditorUITests" */ = {
			isa = XCConfigurationList;
			buildConfigurations = (
				64E5D7A82E224A9C0036AE8E /* Debug */,
				64E5D7A92E224A9C0036AE8E /* Release */,
			);
			defaultConfigurationIsVisible = 0;
			defaultConfigurationName = Release;
		};
/* End XCConfigurationList section */
	};
	rootObject = 64E5D7732E224A9A0036AE8E /* Project object */;
}
